// !$*UTF8*$!
{
	archiveVersion = 1;
	classes = {
	};
	objectVersion = 50;
	objects = {

/* Begin PBXBuildFile section */
		595FC29C236C245300EE22D0 /* AppDelegate.swift in Sources */ = {isa = PBXBuildFile; fileRef = 595FC29B236C245300EE22D0 /* AppDelegate.swift */; };
		595FC29E236C245300EE22D0 /* SceneDelegate.swift in Sources */ = {isa = PBXBuildFile; fileRef = 595FC29D236C245300EE22D0 /* SceneDelegate.swift */; };
		595FC2A2236C245500EE22D0 /* Assets.xcassets in Resources */ = {isa = PBXBuildFile; fileRef = 595FC2A1236C245500EE22D0 /* Assets.xcassets */; };
		595FC2A5236C245500EE22D0 /* Preview Assets.xcassets in Resources */ = {isa = PBXBuildFile; fileRef = 595FC2A4236C245500EE22D0 /* Preview Assets.xcassets */; };
		595FC2A8236C245500EE22D0 /* LaunchScreen.storyboard in Resources */ = {isa = PBXBuildFile; fileRef = 595FC2A6236C245500EE22D0 /* LaunchScreen.storyboard */; };
		595FC2B0236C247C00EE22D0 /* Lock.swift in Sources */ = {isa = PBXBuildFile; fileRef = 595FC2AF236C247C00EE22D0 /* Lock.swift */; };
		595FC2B2236C26C300EE22D0 /* README.md in Resources */ = {isa = PBXBuildFile; fileRef = 595FC2B1236C26C300EE22D0 /* README.md */; };
		595FC2B4236C28AF00EE22D0 /* 0.gif in Resources */ = {isa = PBXBuildFile; fileRef = 595FC2B3236C28AF00EE22D0 /* 0.gif */; };
/* End PBXBuildFile section */

/* Begin PBXFileReference section */
		595FC298236C245300EE22D0 /* LockAnimation-SwiftUI.app */ = {isa = PBXFileReference; explicitFileType = wrapper.application; includeInIndex = 0; path = "LockAnimation-SwiftUI.app"; sourceTree = BUILT_PRODUCTS_DIR; };
		595FC29B236C245300EE22D0 /* AppDelegate.swift */ = {isa = PBXFileReference; lastKnownFileType = sourcecode.swift; path = AppDelegate.swift; sourceTree = "<group>"; };
		595FC29D236C245300EE22D0 /* SceneDelegate.swift */ = {isa = PBXFileReference; lastKnownFileType = sourcecode.swift; path = SceneDelegate.swift; sourceTree = "<group>"; };
		595FC2A1236C245500EE22D0 /* Assets.xcassets */ = {isa = PBXFileReference; lastKnownFileType = folder.assetcatalog; path = Assets.xcassets; sourceTree = "<group>"; };
		595FC2A4236C245500EE22D0 /* Preview Assets.xcassets */ = {isa = PBXFileReference; lastKnownFileType = folder.assetcatalog; path = "Preview Assets.xcassets"; sourceTree = "<group>"; };
		595FC2A7236C245500EE22D0 /* Base */ = {isa = PBXFileReference; lastKnownFileType = file.storyboard; name = Base; path = Base.lproj/LaunchScreen.storyboard; sourceTree = "<group>"; };
		595FC2A9236C245500EE22D0 /* Info.plist */ = {isa = PBXFileReference; lastKnownFileType = text.plist.xml; path = Info.plist; sourceTree = "<group>"; };
		595FC2AF236C247C00EE22D0 /* Lock.swift */ = {isa = PBXFileReference; fileEncoding = 4; lastKnownFileType = sourcecode.swift; path = Lock.swift; sourceTree = "<group>"; };
		595FC2B1236C26C300EE22D0 /* README.md */ = {isa = PBXFileReference; lastKnownFileType = net.daringfireball.markdown; path = README.md; sourceTree = "<group>"; };
		595FC2B3236C28AF00EE22D0 /* 0.gif */ = {isa = PBXFileReference; lastKnownFileType = image.gif; path = 0.gif; sourceTree = "<group>"; };
/* End PBXFileReference section */

/* Begin PBXFrameworksBuildPhase section */
		595FC295236C245300EE22D0 /* Frameworks */ = {
			isa = PBXFrameworksBuildPhase;
			buildActionMask = 2147483647;
			files = (
			);
			runOnlyForDeploymentPostprocessing = 0;
		};
/* End PBXFrameworksBuildPhase section */

/* Begin PBXGroup section */
		595FC28F236C245300EE22D0 = {
			isa = PBXGroup;
			children = (
				595FC2B3236C28AF00EE22D0 /* 0.gif */,
				595FC2B1236C26C300EE22D0 /* README.md */,
				595FC29A236C245300EE22D0 /* LockAnimation-SwiftUI */,
				595FC299236C245300EE22D0 /* Products */,
			);
			sourceTree = "<group>";
		};
		595FC299236C245300EE22D0 /* Products */ = {
			isa = PBXGroup;
			children = (
				595FC298236C245300EE22D0 /* LockAnimation-SwiftUI.app */,
			);
			name = Products;
			sourceTree = "<group>";
		};
		595FC29A236C245300EE22D0 /* LockAnimation-SwiftUI */ = {
			isa = PBXGroup;
			children = (
				595FC29B236C245300EE22D0 /* AppDelegate.swift */,
				595FC2AF236C247C00EE22D0 /* Lock.swift */,
				595FC29D236C245300EE22D0 /* SceneDelegate.swift */,
				595FC2A1236C245500EE22D0 /* Assets.xcassets */,
				595FC2A6236C245500EE22D0 /* LaunchScreen.storyboard */,
				595FC2A9236C245500EE22D0 /* Info.plist */,
				595FC2A3236C245500EE22D0 /* Preview Content */,
			);
			path = "LockAnimation-SwiftUI";
			sourceTree = "<group>";
		};
		595FC2A3236C245500EE22D0 /* Preview Content */ = {
			isa = PBXGroup;
			children = (
				595FC2A4236C245500EE22D0 /* Preview Assets.xcassets */,
			);
			path = "Preview Content";
			sourceTree = "<group>";
		};
/* End PBXGroup section */

/* Begin PBXNativeTarget section */
		595FC297236C245300EE22D0 /* LockAnimation-SwiftUI */ = {
			isa = PBXNativeTarget;
			buildConfigurationList = 595FC2AC236C245500EE22D0 /* Build configuration list for PBXNativeTarget "LockAnimation-SwiftUI" */;
			buildPhases = (
				595FC294236C245300EE22D0 /* Sources */,
				595FC295236C245300EE22D0 /* Frameworks */,
				595FC296236C245300EE22D0 /* Resources */,
			);
			buildRules = (
			);
			dependencies = (
			);
			name = "LockAnimation-SwiftUI";
			productName = "LockAnimation-SwiftUI";
			productReference = 595FC298236C245300EE22D0 /* LockAnimation-SwiftUI.app */;
			productType = "com.apple.product-type.application";
		};
/* End PBXNativeTarget section */

/* Begin PBXProject section */
		595FC290236C245300EE22D0 /* Project object */ = {
			isa = PBXProject;
			attributes = {
				LastSwiftUpdateCheck = 1110;
				LastUpgradeCheck = 1110;
				ORGANIZATIONNAME = aiQG_;
				TargetAttributes = {
					595FC297236C245300EE22D0 = {
						CreatedOnToolsVersion = 11.1;
					};
				};
			};
			buildConfigurationList = 595FC293236C245300EE22D0 /* Build configuration list for PBXProject "LockAnimation-SwiftUI" */;
			compatibilityVersion = "Xcode 9.3";
			developmentRegion = en;
			hasScannedForEncodings = 0;
			knownRegions = (
				en,
				Base,
			);
			mainGroup = 595FC28F236C245300EE22D0;
			productRefGroup = 595FC299236C245300EE22D0 /* Products */;
			projectDirPath = "";
			projectRoot = "";
			targets = (
				595FC297236C245300EE22D0 /* LockAnimation-SwiftUI */,
			);
		};
/* End PBXProject section */

/* Begin PBXResourcesBuildPhase section */
		595FC296236C245300EE22D0 /* Resources */ = {
			isa = PBXResourcesBuildPhase;
			buildActionMask = 2147483647;
			files = (
				595FC2B4236C28AF00EE22D0 /* 0.gif in Resources */,
				595FC2A8236C245500EE22D0 /* LaunchScreen.storyboard in Resources */,
				595FC2A5236C245500EE22D0 /* Preview Assets.xcassets in Resources */,
				595FC2B2236C26C300EE22D0 /* README.md in Resources */,
				595FC2A2236C245500EE22D0 /* Assets.xcassets in Resources */,
			);
			runOnlyForDeploymentPostprocessing = 0;
		};
/* End PBXResourcesBuildPhase section */

/* Begin PBXSourcesBuildPhase section */
		595FC294236C245300EE22D0 /* Sources */ = {
			isa = PBXSourcesBuildPhase;
			buildActionMask = 2147483647;
			files = (
				595FC29C236C245300EE22D0 /* AppDelegate.swift in Sources */,
				595FC29E236C245300EE22D0 /* SceneDelegate.swift in Sources */,
				595FC2B0236C247C00EE22D0 /* Lock.swift in Sources */,
			);
			runOnlyForDeploymentPostprocessing = 0;
		};
/* End PBXSourcesBuildPhase section */

/* Begin PBXVariantGroup section */
		595FC2A6236C245500EE22D0 /* LaunchScreen.storyboard */ = {
			isa = PBXVariantGroup;
			children = (
				595FC2A7236C245500EE22D0 /* Base */,
			);
			name = LaunchScreen.storyboard;
			sourceTree = "<group>";
		};
/* End PBXVariantGroup section */

/* Begin XCBuildConfiguration section */
		595FC2AA236C245500EE22D0 /* Debug */ = {
			isa = XCBuildConfiguration;
			buildSettings = {
				ALWAYS_SEARCH_USER_PATHS = NO;
				CLANG_ANALYZER_NONNULL = YES;
				CLANG_ANALYZER_NUMBER_OBJECT_CONVERSION = YES_AGGRESSIVE;
				CLANG_CXX_LANGUAGE_STANDARD = "gnu++14";
				CLANG_CXX_LIBRARY = "libc++";
				CLANG_ENABLE_MODULES = YES;
				CLANG_ENABLE_OBJC_ARC = YES;
				CLANG_ENABLE_OBJC_WEAK = YES;
				CLANG_WARN_BLOCK_CAPTURE_AUTORELEASING = YES;
				CLANG_WARN_BOOL_CONVERSION = YES;
				CLANG_WARN_COMMA = YES;
				CLANG_WARN_CONSTANT_CONVERSION = YES;
				CLANG_WARN_DEPRECATED_OBJC_IMPLEMENTATIONS = YES;
				CLANG_WARN_DIRECT_OBJC_ISA_USAGE = YES_ERROR;
				CLANG_WARN_DOCUMENTATION_COMMENTS = YES;
				CLANG_WARN_EMPTY_BODY = YES;
				CLANG_WARN_ENUM_CONVERSION = YES;
				CLANG_WARN_INFINITE_RECURSION = YES;
				CLANG_WARN_INT_CONVERSION = YES;
				CLANG_WARN_NON_LITERAL_NULL_CONVERSION = YES;
				CLANG_WARN_OBJC_IMPLICIT_RETAIN_SELF = YES;
				CLANG_WARN_OBJC_LITERAL_CONVERSION = YES;
				CLANG_WARN_OBJC_ROOT_CLASS = YES_ERROR;
				CLANG_WARN_RANGE_LOOP_ANALYSIS = YES;
				CLANG_WARN_STRICT_PROTOTYPES = YES;
				CLANG_WARN_SUSPICIOUS_MOVE = YES;
				CLANG_WARN_UNGUARDED_AVAILABILITY = YES_AGGRESSIVE;
				CLANG_WARN_UNREACHABLE_CODE = YES;
				CLANG_WARN__DUPLICATE_METHOD_MATCH = YES;
				COPY_PHASE_STRIP = NO;
				DEBUG_INFORMATION_FORMAT = dwarf;
				ENABLE_STRICT_OBJC_MSGSEND = YES;
				ENABLE_TESTABILITY = YES;
				GCC_C_LANGUAGE_STANDARD = gnu11;
				GCC_DYNAMIC_NO_PIC = NO;
				GCC_NO_COMMON_BLOCKS = YES;
				GCC_OPTIMIZATION_LEVEL = 0;
				GCC_PREPROCESSOR_DEFINITIONS = (
					"DEBUG=1",
					"$(inherited)",
				);
				GCC_WARN_64_TO_32_BIT_CONVERSION = YES;
				GCC_WARN_ABOUT_RETURN_TYPE = YES_ERROR;
				GCC_WARN_UNDECLARED_SELECTOR = YES;
				GCC_WARN_UNINITIALIZED_AUTOS = YES_AGGRESSIVE;
				GCC_WARN_UNUSED_FUNCTION = YES;
				GCC_WARN_UNUSED_VARIABLE = YES;
				IPHONEOS_DEPLOYMENT_TARGET = 13.1;
				MTL_ENABLE_DEBUG_INFO = INCLUDE_SOURCE;
				MTL_FAST_MATH = YES;
				ONLY_ACTIVE_ARCH = YES;
				SDKROOT = iphoneos;
				SWIFT_ACTIVE_COMPILATION_CONDITIONS = DEBUG;
				SWIFT_OPTIMIZATION_LEVEL = "-Onone";
			};
			name = Debug;
		};
		595FC2AB236C245500EE22D0 /* Release */ = {
			isa = XCBuildConfiguration;
			buildSettings = {
				ALWAYS_SEARCH_USER_PATHS = NO;
				CLANG_ANALYZER_NONNULL = YES;
				CLANG_ANALYZER_NUMBER_OBJECT_CONVERSION = YES_AGGRESSIVE;
				CLANG_CXX_LANGUAGE_STANDARD = "gnu++14";
				CLANG_CXX_LIBRARY = "libc++";
				CLANG_ENABLE_MODULES = YES;
				CLANG_ENABLE_OBJC_ARC = YES;
				CLANG_ENABLE_OBJC_WEAK = YES;
				CLANG_WARN_BLOCK_CAPTURE_AUTORELEASING = YES;
				CLANG_WARN_BOOL_CONVERSION = YES;
				CLANG_WARN_COMMA = YES;
				CLANG_WARN_CONSTANT_CONVERSION = YES;
				CLANG_WARN_DEPRECATED_OBJC_IMPLEMENTATIONS = YES;
				CLANG_WARN_DIRECT_OBJC_ISA_USAGE = YES_ERROR;
				CLANG_WARN_DOCUMENTATION_COMMENTS = YES;
				CLANG_WARN_EMPTY_BODY = YES;
				CLANG_WARN_ENUM_CONVERSION = YES;
				CLANG_WARN_INFINITE_RECURSION = YES;
				CLANG_WARN_INT_CONVERSION = YES;
				CLANG_WARN_NON_LITERAL_NULL_CONVERSION = YES;
				CLANG_WARN_OBJC_IMPLICIT_RETAIN_SELF = YES;
				CLANG_WARN_OBJC_LITERAL_CONVERSION = YES;
				CLANG_WARN_OBJC_ROOT_CLASS = YES_ERROR;
				CLANG_WARN_RANGE_LOOP_ANALYSIS = YES;
				CLANG_WARN_STRICT_PROTOTYPES = YES;
				CLANG_WARN_SUSPICIOUS_MOVE = YES;
				CLANG_WARN_UNGUARDED_AVAILABILITY = YES_AGGRESSIVE;
				CLANG_WARN_UNREACHABLE_CODE = YES;
				CLANG_WARN__DUPLICATE_METHOD_MATCH = YES;
				COPY_PHASE_STRIP = NO;
				DEBUG_INFORMATION_FORMAT = "dwarf-with-dsym";
				ENABLE_NS_ASSERTIONS = NO;
				ENABLE_STRICT_OBJC_MSGSEND = YES;
				GCC_C_LANGUAGE_STANDARD = gnu11;
				GCC_NO_COMMON_BLOCKS = YES;
				GCC_WARN_64_TO_32_BIT_CONVERSION = YES;
				GCC_WARN_ABOUT_RETURN_TYPE = YES_ERROR;
				GCC_WARN_UNDECLARED_SELECTOR = YES;
				GCC_WARN_UNINITIALIZED_AUTOS = YES_AGGRESSIVE;
				GCC_WARN_UNUSED_FUNCTION = YES;
				GCC_WARN_UNUSED_VARIABLE = YES;
				IPHONEOS_DEPLOYMENT_TARGET = 13.1;
				MTL_ENABLE_DEBUG_INFO = NO;
				MTL_FAST_MATH = YES;
				SDKROOT = iphoneos;
				SWIFT_COMPILATION_MODE = wholemodule;
				SWIFT_OPTIMIZATION_LEVEL = "-O";
				VALIDATE_PRODUCT = YES;
			};
			name = Release;
		};
		595FC2AD236C245500EE22D0 /* Debug */ = {
			isa = XCBuildConfiguration;
			buildSettings = {
				ASSETCATALOG_COMPILER_APPICON_NAME = AppIcon;
				CODE_SIGN_STYLE = Automatic;
				DEVELOPMENT_ASSET_PATHS = "\"LockAnimation-SwiftUI/Preview Content\"";
				DEVELOPMENT_TEAM = DAF5ATH2GC;
				ENABLE_PREVIEWS = YES;
				INFOPLIST_FILE = "LockAnimation-SwiftUI/Info.plist";
				LD_RUNPATH_SEARCH_PATHS = (
					"$(inherited)",
					"@executable_path/Frameworks",
				);
				PRODUCT_BUNDLE_IDENTIFIER = "aiQG-.LockAnimation-SwiftUI";
				PRODUCT_NAME = "$(TARGET_NAME)";
				SWIFT_VERSION = 5.0;
				TARGETED_DEVICE_FAMILY = "1,2";
			};
			name = Debug;
		};
		595FC2AE236C245500EE22D0 /* Release */ = {
			isa = XCBuildConfiguration;
			buildSettings = {
				ASSETCATALOG_COMPILER_APPICON_NAME = AppIcon;
				CODE_SIGN_STYLE = Automatic;
				DEVELOPMENT_ASSET_PATHS = "\"LockAnimation-SwiftUI/Preview Content\"";
				DEVELOPMENT_TEAM = DAF5ATH2GC;
				ENABLE_PREVIEWS = YES;
				INFOPLIST_FILE = "LockAnimation-SwiftUI/Info.plist";
				LD_RUNPATH_SEARCH_PATHS = (
					"$(inherited)",
					"@executable_path/Frameworks",
				);
				PRODUCT_BUNDLE_IDENTIFIER = "aiQG-.LockAnimation-SwiftUI";
				PRODUCT_NAME = "$(TARGET_NAME)";
				SWIFT_VERSION = 5.0;
				TARGETED_DEVICE_FAMILY = "1,2";
			};
			name = Release;
		};
/* End XCBuildConfiguration section */

/* Begin XCConfigurationList section */
		595FC293236C245300EE22D0 /* Build configuration list for PBXProject "LockAnimation-SwiftUI" */ = {
			isa = XCConfigurationList;
			buildConfigurations = (
				595FC2AA236C245500EE22D0 /* Debug */,
				595FC2AB236C245500EE22D0 /* Release */,
			);
			defaultConfigurationIsVisible = 0;
			defaultConfigurationName = Release;
		};
		595FC2AC236C245500EE22D0 /* Build configuration list for PBXNativeTarget "LockAnimation-SwiftUI" */ = {
			isa = XCConfigurationList;
			buildConfigurations = (
				595FC2AD236C245500EE22D0 /* Debug */,
				595FC2AE236C245500EE22D0 /* Release */,
			);
			defaultConfigurationIsVisible = 0;
			defaultConfigurationName = Release;
		};
/* End XCConfigurationList section */
	};
	rootObject = 595FC290236C245300EE22D0 /* Project object */;
}
